
Microsoft Visual Studio Solution File, Format Version 12.00
# Visual Studio Version 16
VisualStudioVersion = 16.0.28803.156
MinimumVisualStudioVersion = 10.0.40219.1
Project("{9A19103F-16F7-4668-BE54-9A1E7A4F7556}") = "Gibbed.XXTEA", "Gibbed.XXTEA.csproj", "{31118BEF-EEEE-43C1-AA9A-D2624065404C}"
EndProject
Global
	GlobalSection(SolutionConfigurationPlatforms) = preSolution
		Debug|Any CPU = Debug|Any CPU
		Release|Any CPU = Release|Any CPU
	EndGlobalSection
	GlobalSection(ProjectConfigurationPlatforms) = postSolution
		{31118BEF-EEEE-43C1-AA9A-D2624065404C}.Debug|Any CPU.ActiveCfg = Debug|Any CPU
		{31118BEF-EEEE-43C1-AA9A-D2624065404C}.Debug|Any CPU.Build.0 = Debug|Any CPU
		{31118BEF-EEEE-43C1-AA9A-D2624065404C}.Release|Any CPU.ActiveCfg = Release|Any CPU
		{31118BEF-EEEE-43C1-AA9A-D2624065404C}.Release|Any CPU.Build.0 = Release|Any CPU
	EndGlobalSection
	GlobalSection(SolutionProperties) = preSolution
		HideSolutionNode = FALSE
	EndGlobalSection
	GlobalSection(ExtensibilityGlobals) = postSolution
		SolutionGuid = {41B6862D-0ABB-4B94-8C73-6B97E821BCE8}
	EndGlobalSection
EndGlobal
